
Microsoft Visual Studio Solution File, Format Version 12.00
# Visual Studio Version 17
VisualStudioVersion = 17.11.35303.130
MinimumVisualStudioVersion = 10.0.40219.1
Project("{9A19103F-16F7-4668-BE54-9A1E7A4F7556}") = "LabaOP6", "LabaOP6.csproj", "{EB8A1D07-6D23-4345-AF8A-D3C5B24E4419}"
EndProject
Global
	GlobalSection(SolutionConfigurationPlatforms) = preSolution
		Debug|Any CPU = Debug|Any CPU
		Release|Any CPU = Release|Any CPU
	EndGlobalSection
	GlobalSection(ProjectConfigurationPlatforms) = postSolution
		{EB8A1D07-6D23-4345-AF8A-D3C5B24E4419}.Debug|Any CPU.ActiveCfg = Debug|Any CPU
		{EB8A1D07-6D23-4345-AF8A-D3C5B24E4419}.Debug|Any CPU.Build.0 = Debug|Any CPU
		{EB8A1D07-6D23-4345-AF8A-D3C5B24E4419}.Release|Any CPU.ActiveCfg = Release|Any CPU
		{EB8A1D07-6D23-4345-AF8A-D3C5B24E4419}.Release|Any CPU.Build.0 = Release|Any CPU
	EndGlobalSection
	GlobalSection(SolutionProperties) = preSolution
		HideSolutionNode = FALSE
	EndGlobalSection
	GlobalSection(ExtensibilityGlobals) = postSolution
		SolutionGuid = {5D15A00E-7B1A-4F74-9DBA-6D5CF3DA980F}
	EndGlobalSection
EndGlobal
